
Microsoft Visual Studio Solution File, Format Version 12.00
# Visual Studio Version 17
VisualStudioVersion = 17.3.32922.545
MinimumVisualStudioVersion = 10.0.40219.1
Project("{FAE04EC0-301F-11D3-BF4B-00C04F79EFBC}") = "CSharp11Features", "CSharp11Features\CSharp11Features.csproj", "{F96EFC1D-AD46-4866-AE23-7AECB2A74C2B}"
EndProject
Global
	GlobalSection(SolutionConfigurationPlatforms) = preSolution
		Debug|Any CPU = Debug|Any CPU
		Release|Any CPU = Release|Any CPU
	EndGlobalSection
	GlobalSection(ProjectConfigurationPlatforms) = postSolution
		{F96EFC1D-AD46-4866-AE23-7AECB2A74C2B}.Debug|Any CPU.ActiveCfg = Debug|Any CPU
		{F96EFC1D-AD46-4866-AE23-7AECB2A74C2B}.Debug|Any CPU.Build.0 = Debug|Any CPU
		{F96EFC1D-AD46-4866-AE23-7AECB2A74C2B}.Release|Any CPU.ActiveCfg = Release|Any CPU
		{F96EFC1D-AD46-4866-AE23-7AECB2A74C2B}.Release|Any CPU.Build.0 = Release|Any CPU
	EndGlobalSection
	GlobalSection(SolutionProperties) = preSolution
		HideSolutionNode = FALSE
	EndGlobalSection
	GlobalSection(ExtensibilityGlobals) = postSolution
		SolutionGuid = {5FE9B4EA-A0F5-46D9-B5B4-F264D6713ABF}
	EndGlobalSection
EndGlobal
